
Microsoft Visual Studio Solution File, Format Version 12.00
# Visual Studio 15
VisualStudioVersion = 15.0.28307.757
MinimumVisualStudioVersion = 10.0.40219.1
Project("{8BC9CEB8-8B4A-11D0-8D11-00A0C91BC942}") = "MedMan", "MedMan.vcxproj", "{7CC5F377-2142-48B7-A3E0-95BBF91B9C20}"
EndProject
Global
	GlobalSection(SolutionConfigurationPlatforms) = preSolution
		Debug|Win32 = Debug|Win32
		Release|Win32 = Release|Win32
	EndGlobalSection
	GlobalSection(ProjectConfigurationPlatforms) = postSolution
		{7CC5F377-2142-48B7-A3E0-95BBF91B9C20}.Debug|Win32.ActiveCfg = Debug|Win32
		{7CC5F377-2142-48B7-A3E0-95BBF91B9C20}.Debug|Win32.Build.0 = Debug|Win32
		{7CC5F377-2142-48B7-A3E0-95BBF91B9C20}.Release|Win32.ActiveCfg = Release|Win32
		{7CC5F377-2142-48B7-A3E0-95BBF91B9C20}.Release|Win32.Build.0 = Release|Win32
	EndGlobalSection
	GlobalSection(SolutionProperties) = preSolution
		HideSolutionNode = FALSE
	EndGlobalSection
	GlobalSection(ExtensibilityGlobals) = postSolution
		SolutionGuid = {F4B3CD19-39F7-4952-90C2-E4DDFA5E3D23}
	EndGlobalSection
EndGlobal
